// !$*UTF8*$!
{
	archiveVersion = 1;
	classes = {
	};
	objectVersion = 46;
	objects = {
/* Begin PBXBuildFile section */
		0207DA581B56EA530066E2B4 /* Images.xcassets in Resources */ = {isa = PBXBuildFile; fileRef = 0207DA571B56EA530066E2B4 /* Images.xcassets */; };
		1D3623260D0F684500981E51 /* AppDelegate.m in Sources */ = {isa = PBXBuildFile; fileRef = 1D3623250D0F684500981E51 /* AppDelegate.m */; };
		1D60589B0D05DD56006BFB54 /* main.m in Sources */ = {isa = PBXBuildFile; fileRef = 29B97316FDCFA39411CA2CEA /* main.m */; };
		301BF552109A68D80062928A /* libCordova.a in Frameworks */ = {isa = PBXBuildFile; fileRef = 301BF535109A57CC0062928A /* libCordova.a */; };
		302D95F114D2391D003F00A1 /* MainViewController.m in Sources */ = {isa = PBXBuildFile; fileRef = 302D95EF14D2391D003F00A1 /* MainViewController.m */; };
		302D95F214D2391D003F00A1 /* MainViewController.xib in Resources */ = {isa = PBXBuildFile; fileRef = 302D95F014D2391D003F00A1 /* MainViewController.xib */; };
		3047A5121AB8059700498E2A /* build-debug.xcconfig in Resources */ = {isa = PBXBuildFile; fileRef = 3047A50F1AB8059700498E2A /* build-debug.xcconfig */; };
		3047A5131AB8059700498E2A /* build-release.xcconfig in Resources */ = {isa = PBXBuildFile; fileRef = 3047A5101AB8059700498E2A /* build-release.xcconfig */; };
		3047A5141AB8059700498E2A /* build.xcconfig in Resources */ = {isa = PBXBuildFile; fileRef = 3047A5111AB8059700498E2A /* build.xcconfig */; };
		F245CCAC939F4859A6C5C8F3 /* CDVBattery.m in Sources */ = {isa = PBXBuildFile; fileRef = B75E7AAF4DC54AD6A5F3BCD1 /* CDVBattery.m */; };
		CE2C396E31A04B539DB7607D /* UIImage+CropScaleOrientation.m in Sources */ = {isa = PBXBuildFile; fileRef = AA27E920512B4EFB8C6FF0EB /* UIImage+CropScaleOrientation.m */; };
		F89D747542CD4C96AAB06637 /* CDVCamera.m in Sources */ = {isa = PBXBuildFile; fileRef = B9DB78FF9D3B4DD991304C6F /* CDVCamera.m */; };
		E6D0B778DDDE436590983B21 /* CDVJpegHeaderWriter.m in Sources */ = {isa = PBXBuildFile; fileRef = 7623B944B3FA4254A63894E6 /* CDVJpegHeaderWriter.m */; };
		A220ECB25E474114A24D94A3 /* ImageIO.framework in Frameworks */ = {isa = PBXBuildFile; fileRef = 2B041EC30FF0442D98B1E4D6 /* ImageIO.framework */; settings = {ATTRIBUTES = (Weak, ); }; };
		8CE16F796C0747528246985E /* CoreLocation.framework in Frameworks */ = {isa = PBXBuildFile; fileRef = ED73095AF29F415FA19FE248 /* CoreLocation.framework */; };
		E174F9D75B6B412D9126197D /* AVFoundation.framework in Frameworks */ = {isa = PBXBuildFile; fileRef = EFC49A5030E449EEA60C0D0C /* AVFoundation.framework */; };
		DE2D3F89D7F94352A6317DC8 /* CDVLogger.m in Sources */ = {isa = PBXBuildFile; fileRef = B57198AE76D647A0BDB62A7A /* CDVLogger.m */; };
		4EB377341AB646F2B41F29CE /* CDVContacts.m in Sources */ = {isa = PBXBuildFile; fileRef = F3E64D59F8CC42649E1B2C66 /* CDVContacts.m */; };
		FD70EBAFC8A0443D936AE68A /* CDVContact.m in Sources */ = {isa = PBXBuildFile; fileRef = A866B537E5584B36881D8078 /* CDVContact.m */; };
		E1019AA1ED844992A38959EB /* AddressBook.framework in Frameworks */ = {isa = PBXBuildFile; fileRef = C20392D73901443DA9B631FF /* AddressBook.framework */; settings = {ATTRIBUTES = (Weak, ); }; };
		2730A963ECF24983A77FD95A /* AddressBookUI.framework in Frameworks */ = {isa = PBXBuildFile; fileRef = 696C985E08A044DCB0AF7A62 /* AddressBookUI.framework */; settings = {ATTRIBUTES = (Weak, ); }; };
		213EED360EE84E60A3663EC4 /* CDVDevice.m in Sources */ = {isa = PBXBuildFile; fileRef = B616A68F05A24E1599C1F8C9 /* CDVDevice.m */; };
		170E4EBAA3814A4C86EE728F /* CDVAccelerometer.m in Sources */ = {isa = PBXBuildFile; fileRef = A0FBFC2C987B44938F9422CB /* CDVAccelerometer.m */; };
		FEE2150F3BCC4DC39B02D334 /* CoreMotion.framework in Frameworks */ = {isa = PBXBuildFile; fileRef = CF32034B07A440A38D6FCA35 /* CoreMotion.framework */; };
		6EFB7CC4ACB74DBAA328CAEE /* CDVCompass.m in Sources */ = {isa = PBXBuildFile; fileRef = 67E03C3CBEB94BDE84F71C04 /* CDVCompass.m */; };
		CF00F8C042FB4CB1B2F63339 /* CDVNotification.m in Sources */ = {isa = PBXBuildFile; fileRef = 11073206975248ACB2F693CB /* CDVNotification.m */; };
		3E1BDB8089204BC4B8DAA49E /* CDVNotification.bundle in Resources */ = {isa = PBXBuildFile; fileRef = 9FF2153AF20E41BC83829DC0 /* CDVNotification.bundle */; };
		ED2AC1A631BB42AE9976C69E /* AudioToolbox.framework in Frameworks */ = {isa = PBXBuildFile; fileRef = 2CE35A4E07A041DDB6621714 /* AudioToolbox.framework */; settings = {ATTRIBUTES = (Weak, ); }; };
		A32B6EF3A166423684781C13 /* CDVFile.m in Sources */ = {isa = PBXBuildFile; fileRef = B63ECB6D3AEF43ECB6A0B899 /* CDVFile.m */; };
		45CAAB5B89854ECF8E7F0091 /* CDVLocalFilesystem.m in Sources */ = {isa = PBXBuildFile; fileRef = F2D34A625C0945768B920051 /* CDVLocalFilesystem.m */; };
		047E93A953A94D8D94327F13 /* CDVAssetLibraryFilesystem.m in Sources */ = {isa = PBXBuildFile; fileRef = 8C3D1E290FA8498FB2A9F89A /* CDVAssetLibraryFilesystem.m */; };
		1918341B9DED46A9912E9C25 /* CDVFileTransfer.m in Sources */ = {isa = PBXBuildFile; fileRef = 71D630DEAE3B4746A351BF82 /* CDVFileTransfer.m */; };
		FDF9C79DF7FF481DB393FC25 /* CDVLocation.m in Sources */ = {isa = PBXBuildFile; fileRef = 57205395B2A445E98AEE1146 /* CDVLocation.m */; };
		B93BBB93659E460DAD20A043 /* CDVGlobalization.m in Sources */ = {isa = PBXBuildFile; fileRef = 046F9ECD24714CF08276DEAA /* CDVGlobalization.m */; };
		C04F55DDFDFB4DFF85A012BD /* CDVInAppBrowser.m in Sources */ = {isa = PBXBuildFile; fileRef = E4671E0647D74823AA84646E /* CDVInAppBrowser.m */; };
		3350AB6A46BC44B985DE6743 /* CDVSound.m in Sources */ = {isa = PBXBuildFile; fileRef = 1D3ED39ECC554ACC93C60BF5 /* CDVSound.m */; };
		E1CD9BF11D3449FDACBC93A7 /* CDVCapture.m in Sources */ = {isa = PBXBuildFile; fileRef = 0D7D9DBE9A574102ABA5D2A4 /* CDVCapture.m */; };
		7D189604FC474E61BC0F2A3B /* CDVCapture.bundle in Resources */ = {isa = PBXBuildFile; fileRef = 94D19A71FB0547B6ABFD8101 /* CDVCapture.bundle */; };
		4FADD504ECC140E9A54B63AD /* CDVConnection.m in Sources */ = {isa = PBXBuildFile; fileRef = 196AFC362C2D46E6966F05FE /* CDVConnection.m */; };
		20A215162F2D4B61BD6A565D /* CDVReachability.m in Sources */ = {isa = PBXBuildFile; fileRef = B6DB3FE42A29465A90380FE8 /* CDVReachability.m */; };
		0028111ED7384B8994009A88 /* SystemConfiguration.framework in Frameworks */ = {isa = PBXBuildFile; fileRef = 717533C4FE094B0E94B4D069 /* SystemConfiguration.framework */; settings = {ATTRIBUTES = (Weak, ); }; };
		0E3F1DFA66874054BAE6B516 /* CoreTelephony.framework in Frameworks */ = {isa = PBXBuildFile; fileRef = 641291B818BE4070870FDB1A /* CoreTelephony.framework */; };
		5E8E01DFEBCF452DAA5A5409 /* CDVSplashScreen.m in Sources */ = {isa = PBXBuildFile; fileRef = D09326EC4CBB48E49FF7DF03 /* CDVSplashScreen.m */; };
		C56B2D38AEFD4305A82C795A /* CDVViewController+SplashScreen.m in Sources */ = {isa = PBXBuildFile; fileRef = DECE140FF4744795B8BD4F99 /* CDVViewController+SplashScreen.m */; };
		34A79DAC849846C08B383E33 /* CDVStatusBar.m in Sources */ = {isa = PBXBuildFile; fileRef = 10B35C94E00049FA817C2CB1 /* CDVStatusBar.m */; };
		011F0A6E918C4B029350F5C2 /* CDVVibration.m in Sources */ = {isa = PBXBuildFile; fileRef = 831A7D98E31B4CED84BA30BE /* CDVVibration.m */; };
/* End PBXBuildFile section */

/* Begin PBXContainerItemProxy section */
		301BF534109A57CC0062928A /* PBXContainerItemProxy */ = {
			isa = PBXContainerItemProxy;
			containerPortal = 301BF52D109A57CC0062928A /* CordovaLib.xcodeproj */;
			proxyType = 2;
			remoteGlobalIDString = D2AAC07E0554694100DB518D;
			remoteInfo = CordovaLib;
		};
		301BF550109A68C00062928A /* PBXContainerItemProxy */ = {
			isa = PBXContainerItemProxy;
			containerPortal = 301BF52D109A57CC0062928A /* CordovaLib.xcodeproj */;
			proxyType = 1;
			remoteGlobalIDString = D2AAC07D0554694100DB518D;
			remoteInfo = CordovaLib;
		};
/* End PBXContainerItemProxy section */

/* Begin PBXFileReference section */
		0207DA571B56EA530066E2B4 /* Images.xcassets */ = {isa = PBXFileReference; lastKnownFileType = folder.assetcatalog; name = Images.xcassets; path = "thaidoll/Images.xcassets"; sourceTree = SOURCE_ROOT; };
		1D3623240D0F684500981E51 /* AppDelegate.h */ = {isa = PBXFileReference; fileEncoding = 4; lastKnownFileType = sourcecode.c.h; path = AppDelegate.h; sourceTree = "<group>"; };
		1D3623250D0F684500981E51 /* AppDelegate.m */ = {isa = PBXFileReference; fileEncoding = 4; lastKnownFileType = sourcecode.c.objc; path = AppDelegate.m; sourceTree = "<group>"; };
		1D6058910D05DD3D006BFB54 /* thaidoll.app */ = {isa = PBXFileReference; explicitFileType = wrapper.application; includeInIndex = 0; path = "thaidoll.app"; sourceTree = BUILT_PRODUCTS_DIR; };
		29B97316FDCFA39411CA2CEA /* main.m */ = {isa = PBXFileReference; fileEncoding = 4; lastKnownFileType = sourcecode.c.objc; path = main.m; sourceTree = "<group>"; };
		301BF52D109A57CC0062928A /* CordovaLib.xcodeproj */ = {isa = PBXFileReference; lastKnownFileType = "wrapper.pb-project"; name = CordovaLib.xcodeproj; path = CordovaLib/CordovaLib.xcodeproj; sourceTree = "<group>"; };
		301BF56E109A69640062928A /* www */ = {isa = PBXFileReference; lastKnownFileType = folder; path = www; sourceTree = SOURCE_ROOT; };
		302D95EE14D2391D003F00A1 /* MainViewController.h */ = {isa = PBXFileReference; fileEncoding = 4; lastKnownFileType = sourcecode.c.h; path = MainViewController.h; sourceTree = "<group>"; };
		302D95EF14D2391D003F00A1 /* MainViewController.m */ = {isa = PBXFileReference; fileEncoding = 4; lastKnownFileType = sourcecode.c.objc; path = MainViewController.m; sourceTree = "<group>"; };
		302D95F014D2391D003F00A1 /* MainViewController.xib */ = {isa = PBXFileReference; fileEncoding = 4; lastKnownFileType = file.xib; path = MainViewController.xib; sourceTree = "<group>"; };
		3047A50F1AB8059700498E2A /* build-debug.xcconfig */ = {isa = PBXFileReference; fileEncoding = 4; lastKnownFileType = text.xcconfig; name = "build-debug.xcconfig"; path = cordova/build-debug.xcconfig; sourceTree = SOURCE_ROOT; };
		3047A5101AB8059700498E2A /* build-release.xcconfig */ = {isa = PBXFileReference; fileEncoding = 4; lastKnownFileType = text.xcconfig; name = "build-release.xcconfig"; path = cordova/build-release.xcconfig; sourceTree = SOURCE_ROOT; };
		3047A5111AB8059700498E2A /* build.xcconfig */ = {isa = PBXFileReference; fileEncoding = 4; lastKnownFileType = text.xcconfig; name = build.xcconfig; path = cordova/build.xcconfig; sourceTree = SOURCE_ROOT; };
		32CA4F630368D1EE00C91783 /* thaidoll-Prefix.pch */ = {isa = PBXFileReference; fileEncoding = 4; lastKnownFileType = sourcecode.c.h; path = "thaidoll-Prefix.pch"; sourceTree = "<group>"; };
		8D1107310486CEB800E47090 /* thaidoll-Info.plist */ = {isa = PBXFileReference; fileEncoding = 4; lastKnownFileType = text.plist.xml; name = "thaidoll-Info.plist"; path = "thaidoll/thaidoll-Info.plist"; plistStructureDefinitionIdentifier = "com.apple.xcode.plist.structure-definition.iphone.info-plist"; sourceTree = SOURCE_ROOT; };
		EB87FDF31871DA8E0020F90C /* www */ = {isa = PBXFileReference; lastKnownFileType = folder; name = www; path = ../../www; sourceTree = "<group>"; };
		EB87FDF41871DAF40020F90C /* config.xml */ = {isa = PBXFileReference; lastKnownFileType = text.xml; name = config.xml; path = ../../config.xml; sourceTree = "<group>"; };
		F840E1F0165FE0F500CFE078 /* config.xml */ = {isa = PBXFileReference; lastKnownFileType = text.xml; name = config.xml; path = "thaidoll/config.xml"; sourceTree = "<group>"; };
		ED33DF2A687741AEAF9F8254 /* Bridging-Header.h */ = {isa = PBXFileReference; fileEncoding = 4; lastKnownFileType = sourcecode.c.h; name = "Bridging-Header.h"; path = "Bridging-Header.h"; sourceTree = "<group>"; };
		B75E7AAF4DC54AD6A5F3BCD1 /* CDVBattery.m */ = {isa = PBXFileReference; name = "CDVBattery.m"; path = "cordova-plugin-battery-status/CDVBattery.m"; sourceTree = "<group>"; fileEncoding = 4; lastKnownFileType = sourcecode.c.objc; explicitFileType = undefined; includeInIndex = 0; };
		6F63B10D4175451EB410735C /* CDVBattery.h */ = {isa = PBXFileReference; name = "CDVBattery.h"; path = "cordova-plugin-battery-status/CDVBattery.h"; sourceTree = "<group>"; fileEncoding = 4; lastKnownFileType = sourcecode.c.h; explicitFileType = undefined; includeInIndex = 0; };
		AA27E920512B4EFB8C6FF0EB /* UIImage+CropScaleOrientation.m */ = {isa = PBXFileReference; name = "UIImage+CropScaleOrientation.m"; path = "cordova-plugin-camera/UIImage+CropScaleOrientation.m"; sourceTree = "<group>"; fileEncoding = 4; lastKnownFileType = sourcecode.c.objc; explicitFileType = undefined; includeInIndex = 0; };
		B9DB78FF9D3B4DD991304C6F /* CDVCamera.m */ = {isa = PBXFileReference; name = "CDVCamera.m"; path = "cordova-plugin-camera/CDVCamera.m"; sourceTree = "<group>"; fileEncoding = 4; lastKnownFileType = sourcecode.c.objc; explicitFileType = undefined; includeInIndex = 0; };
		7623B944B3FA4254A63894E6 /* CDVJpegHeaderWriter.m */ = {isa = PBXFileReference; name = "CDVJpegHeaderWriter.m"; path = "cordova-plugin-camera/CDVJpegHeaderWriter.m"; sourceTree = "<group>"; fileEncoding = 4; lastKnownFileType = sourcecode.c.objc; explicitFileType = undefined; includeInIndex = 0; };
		E9CB3497ACC141C6BDA2E8CA /* UIImage+CropScaleOrientation.h */ = {isa = PBXFileReference; name = "UIImage+CropScaleOrientation.h"; path = "cordova-plugin-camera/UIImage+CropScaleOrientation.h"; sourceTree = "<group>"; fileEncoding = 4; lastKnownFileType = sourcecode.c.h; explicitFileType = undefined; includeInIndex = 0; };
		81B8833635224742A53D93D0 /* CDVCamera.h */ = {isa = PBXFileReference; name = "CDVCamera.h"; path = "cordova-plugin-camera/CDVCamera.h"; sourceTree = "<group>"; fileEncoding = 4; lastKnownFileType = sourcecode.c.h; explicitFileType = undefined; includeInIndex = 0; };
		E230C1D68FE746E2843DA3F0 /* CDVJpegHeaderWriter.h */ = {isa = PBXFileReference; name = "CDVJpegHeaderWriter.h"; path = "cordova-plugin-camera/CDVJpegHeaderWriter.h"; sourceTree = "<group>"; fileEncoding = 4; lastKnownFileType = sourcecode.c.h; explicitFileType = undefined; includeInIndex = 0; };
		1802DA104F6A42E0A9EE1218 /* CDVExif.h */ = {isa = PBXFileReference; name = "CDVExif.h"; path = "cordova-plugin-camera/CDVExif.h"; sourceTree = "<group>"; fileEncoding = 4; lastKnownFileType = sourcecode.c.h; explicitFileType = undefined; includeInIndex = 0; };
		2B041EC30FF0442D98B1E4D6 /* ImageIO.framework */ = {isa = PBXFileReference; name = "ImageIO.framework"; path = "System/Library/Frameworks/ImageIO.framework"; sourceTree = SDKROOT; fileEncoding = undefined; lastKnownFileType = wrapper.framework; explicitFileType = undefined; includeInIndex = 0; };
		ED73095AF29F415FA19FE248 /* CoreLocation.framework */ = {isa = PBXFileReference; name = "CoreLocation.framework"; path = "System/Library/Frameworks/CoreLocation.framework"; sourceTree = SDKROOT; fileEncoding = undefined; lastKnownFileType = wrapper.framework; explicitFileType = undefined; includeInIndex = 0; };
		EFC49A5030E449EEA60C0D0C /* AVFoundation.framework */ = {isa = PBXFileReference; name = "AVFoundation.framework"; path = "System/Library/Frameworks/AVFoundation.framework"; sourceTree = SDKROOT; fileEncoding = undefined; lastKnownFileType = wrapper.framework; explicitFileType = undefined; includeInIndex = 0; };
		B57198AE76D647A0BDB62A7A /* CDVLogger.m */ = {isa = PBXFileReference; name = "CDVLogger.m"; path = "cordova-plugin-console/CDVLogger.m"; sourceTree = "<group>"; fileEncoding = 4; lastKnownFileType = sourcecode.c.objc; explicitFileType = undefined; includeInIndex = 0; };
		9EB4348351B74FCA9EAF2680 /* CDVLogger.h */ = {isa = PBXFileReference; name = "CDVLogger.h"; path = "cordova-plugin-console/CDVLogger.h"; sourceTree = "<group>"; fileEncoding = 4; lastKnownFileType = sourcecode.c.h; explicitFileType = undefined; includeInIndex = 0; };
		F3E64D59F8CC42649E1B2C66 /* CDVContacts.m */ = {isa = PBXFileReference; name = "CDVContacts.m"; path = "cordova-plugin-contacts/CDVContacts.m"; sourceTree = "<group>"; fileEncoding = 4; lastKnownFileType = sourcecode.c.objc; explicitFileType = undefined; includeInIndex = 0; };
		A866B537E5584B36881D8078 /* CDVContact.m */ = {isa = PBXFileReference; name = "CDVContact.m"; path = "cordova-plugin-contacts/CDVContact.m"; sourceTree = "<group>"; fileEncoding = 4; lastKnownFileType = sourcecode.c.objc; explicitFileType = undefined; includeInIndex = 0; };
		091CFA79FD6144D1853D5620 /* CDVContacts.h */ = {isa = PBXFileReference; name = "CDVContacts.h"; path = "cordova-plugin-contacts/CDVContacts.h"; sourceTree = "<group>"; fileEncoding = 4; lastKnownFileType = sourcecode.c.h; explicitFileType = undefined; includeInIndex = 0; };
		703494FAE573488EB415ADB8 /* CDVContact.h */ = {isa = PBXFileReference; name = "CDVContact.h"; path = "cordova-plugin-contacts/CDVContact.h"; sourceTree = "<group>"; fileEncoding = 4; lastKnownFileType = sourcecode.c.h; explicitFileType = undefined; includeInIndex = 0; };
		C20392D73901443DA9B631FF /* AddressBook.framework */ = {isa = PBXFileReference; name = "AddressBook.framework"; path = "System/Library/Frameworks/AddressBook.framework"; sourceTree = SDKROOT; fileEncoding = undefined; lastKnownFileType = wrapper.framework; explicitFileType = undefined; includeInIndex = 0; };
		696C985E08A044DCB0AF7A62 /* AddressBookUI.framework */ = {isa = PBXFileReference; name = "AddressBookUI.framework"; path = "System/Library/Frameworks/AddressBookUI.framework"; sourceTree = SDKROOT; fileEncoding = undefined; lastKnownFileType = wrapper.framework; explicitFileType = undefined; includeInIndex = 0; };
		B616A68F05A24E1599C1F8C9 /* CDVDevice.m */ = {isa = PBXFileReference; name = "CDVDevice.m"; path = "cordova-plugin-device/CDVDevice.m"; sourceTree = "<group>"; fileEncoding = 4; lastKnownFileType = sourcecode.c.objc; explicitFileType = undefined; includeInIndex = 0; };
		216DBA0FB5834A59880DD3C0 /* CDVDevice.h */ = {isa = PBXFileReference; name = "CDVDevice.h"; path = "cordova-plugin-device/CDVDevice.h"; sourceTree = "<group>"; fileEncoding = 4; lastKnownFileType = sourcecode.c.h; explicitFileType = undefined; includeInIndex = 0; };
		A0FBFC2C987B44938F9422CB /* CDVAccelerometer.m */ = {isa = PBXFileReference; name = "CDVAccelerometer.m"; path = "cordova-plugin-device-motion/CDVAccelerometer.m"; sourceTree = "<group>"; fileEncoding = 4; lastKnownFileType = sourcecode.c.objc; explicitFileType = undefined; includeInIndex = 0; };
		5EE098D7AD4B4C03A209375C /* CDVAccelerometer.h */ = {isa = PBXFileReference; name = "CDVAccelerometer.h"; path = "cordova-plugin-device-motion/CDVAccelerometer.h"; sourceTree = "<group>"; fileEncoding = 4; lastKnownFileType = sourcecode.c.h; explicitFileType = undefined; includeInIndex = 0; };
		CF32034B07A440A38D6FCA35 /* CoreMotion.framework */ = {isa = PBXFileReference; name = "CoreMotion.framework"; path = "System/Library/Frameworks/CoreMotion.framework"; sourceTree = SDKROOT; fileEncoding = undefined; lastKnownFileType = wrapper.framework; explicitFileType = undefined; includeInIndex = 0; };
		67E03C3CBEB94BDE84F71C04 /* CDVCompass.m */ = {isa = PBXFileReference; name = "CDVCompass.m"; path = "cordova-plugin-device-orientation/CDVCompass.m"; sourceTree = "<group>"; fileEncoding = 4; lastKnownFileType = sourcecode.c.objc; explicitFileType = undefined; includeInIndex = 0; };
		B688911A6B184170AFDC2F6A /* CDVCompass.h */ = {isa = PBXFileReference; name = "CDVCompass.h"; path = "cordova-plugin-device-orientation/CDVCompass.h"; sourceTree = "<group>"; fileEncoding = 4; lastKnownFileType = sourcecode.c.h; explicitFileType = undefined; includeInIndex = 0; };
		11073206975248ACB2F693CB /* CDVNotification.m */ = {isa = PBXFileReference; name = "CDVNotification.m"; path = "cordova-plugin-dialogs/CDVNotification.m"; sourceTree = "<group>"; fileEncoding = 4; lastKnownFileType = sourcecode.c.objc; explicitFileType = undefined; includeInIndex = 0; };
		2396DDC010124659A3E9D970 /* CDVNotification.h */ = {isa = PBXFileReference; name = "CDVNotification.h"; path = "cordova-plugin-dialogs/CDVNotification.h"; sourceTree = "<group>"; fileEncoding = 4; lastKnownFileType = sourcecode.c.h; explicitFileType = undefined; includeInIndex = 0; };
		9FF2153AF20E41BC83829DC0 /* CDVNotification.bundle */ = {isa = PBXFileReference; name = "CDVNotification.bundle"; path = "CDVNotification.bundle"; sourceTree = "<group>"; fileEncoding = undefined; lastKnownFileType = wrapper.plug-in; explicitFileType = undefined; includeInIndex = 0; };
		2CE35A4E07A041DDB6621714 /* AudioToolbox.framework */ = {isa = PBXFileReference; name = "AudioToolbox.framework"; path = "System/Library/Frameworks/AudioToolbox.framework"; sourceTree = SDKROOT; fileEncoding = undefined; lastKnownFileType = wrapper.framework; explicitFileType = undefined; includeInIndex = 0; };
		B63ECB6D3AEF43ECB6A0B899 /* CDVFile.m */ = {isa = PBXFileReference; name = "CDVFile.m"; path = "cordova-plugin-file/CDVFile.m"; sourceTree = "<group>"; fileEncoding = 4; lastKnownFileType = sourcecode.c.objc; explicitFileType = undefined; includeInIndex = 0; };
		F2D34A625C0945768B920051 /* CDVLocalFilesystem.m */ = {isa = PBXFileReference; name = "CDVLocalFilesystem.m"; path = "cordova-plugin-file/CDVLocalFilesystem.m"; sourceTree = "<group>"; fileEncoding = 4; lastKnownFileType = sourcecode.c.objc; explicitFileType = undefined; includeInIndex = 0; };
		8C3D1E290FA8498FB2A9F89A /* CDVAssetLibraryFilesystem.m */ = {isa = PBXFileReference; name = "CDVAssetLibraryFilesystem.m"; path = "cordova-plugin-file/CDVAssetLibraryFilesystem.m"; sourceTree = "<group>"; fileEncoding = 4; lastKnownFileType = sourcecode.c.objc; explicitFileType = undefined; includeInIndex = 0; };
		03CDC3BAC42D44869ED06C76 /* CDVFile.h */ = {isa = PBXFileReference; name = "CDVFile.h"; path = "cordova-plugin-file/CDVFile.h"; sourceTree = "<group>"; fileEncoding = 4; lastKnownFileType = sourcecode.c.h; explicitFileType = undefined; includeInIndex = 0; };
		5D6C2475AB53456F909E115B /* CDVLocalFilesystem.h */ = {isa = PBXFileReference; name = "CDVLocalFilesystem.h"; path = "cordova-plugin-file/CDVLocalFilesystem.h"; sourceTree = "<group>"; fileEncoding = 4; lastKnownFileType = sourcecode.c.h; explicitFileType = undefined; includeInIndex = 0; };
		DFB6EA5F172D4E3D9BD77DA8 /* CDVAssetLibraryFilesystem.h */ = {isa = PBXFileReference; name = "CDVAssetLibraryFilesystem.h"; path = "cordova-plugin-file/CDVAssetLibraryFilesystem.h"; sourceTree = "<group>"; fileEncoding = 4; lastKnownFileType = sourcecode.c.h; explicitFileType = undefined; includeInIndex = 0; };
		71D630DEAE3B4746A351BF82 /* CDVFileTransfer.m */ = {isa = PBXFileReference; name = "CDVFileTransfer.m"; path = "cordova-plugin-file-transfer/CDVFileTransfer.m"; sourceTree = "<group>"; fileEncoding = 4; lastKnownFileType = sourcecode.c.objc; explicitFileType = undefined; includeInIndex = 0; };
		FBA89EB78D754275B9EB5CA2 /* CDVFileTransfer.h */ = {isa = PBXFileReference; name = "CDVFileTransfer.h"; path = "cordova-plugin-file-transfer/CDVFileTransfer.h"; sourceTree = "<group>"; fileEncoding = 4; lastKnownFileType = sourcecode.c.h; explicitFileType = undefined; includeInIndex = 0; };
		57205395B2A445E98AEE1146 /* CDVLocation.m */ = {isa = PBXFileReference; name = "CDVLocation.m"; path = "cordova-plugin-geolocation/CDVLocation.m"; sourceTree = "<group>"; fileEncoding = 4; lastKnownFileType = sourcecode.c.objc; explicitFileType = undefined; includeInIndex = 0; };
		85DA619B0DB046DDA6736BFC /* CDVLocation.h */ = {isa = PBXFileReference; name = "CDVLocation.h"; path = "cordova-plugin-geolocation/CDVLocation.h"; sourceTree = "<group>"; fileEncoding = 4; lastKnownFileType = sourcecode.c.h; explicitFileType = undefined; includeInIndex = 0; };
		046F9ECD24714CF08276DEAA /* CDVGlobalization.m */ = {isa = PBXFileReference; name = "CDVGlobalization.m"; path = "cordova-plugin-globalization/CDVGlobalization.m"; sourceTree = "<group>"; fileEncoding = 4; lastKnownFileType = sourcecode.c.objc; explicitFileType = undefined; includeInIndex = 0; };
		9D0B4D65FD3C4065A25DE6D8 /* CDVGlobalization.h */ = {isa = PBXFileReference; name = "CDVGlobalization.h"; path = "cordova-plugin-globalization/CDVGlobalization.h"; sourceTree = "<group>"; fileEncoding = 4; lastKnownFileType = sourcecode.c.h; explicitFileType = undefined; includeInIndex = 0; };
		E4671E0647D74823AA84646E /* CDVInAppBrowser.m */ = {isa = PBXFileReference; name = "CDVInAppBrowser.m"; path = "cordova-plugin-inappbrowser/CDVInAppBrowser.m"; sourceTree = "<group>"; fileEncoding = 4; lastKnownFileType = sourcecode.c.objc; explicitFileType = undefined; includeInIndex = 0; };
		D41F97AC82DE4AAE981B4B38 /* CDVInAppBrowser.h */ = {isa = PBXFileReference; name = "CDVInAppBrowser.h"; path = "cordova-plugin-inappbrowser/CDVInAppBrowser.h"; sourceTree = "<group>"; fileEncoding = 4; lastKnownFileType = sourcecode.c.h; explicitFileType = undefined; includeInIndex = 0; };
		1D3ED39ECC554ACC93C60BF5 /* CDVSound.m */ = {isa = PBXFileReference; name = "CDVSound.m"; path = "cordova-plugin-media/CDVSound.m"; sourceTree = "<group>"; fileEncoding = 4; lastKnownFileType = sourcecode.c.objc; explicitFileType = undefined; includeInIndex = 0; };
		22C99EFE47E14400A325B9BD /* CDVSound.h */ = {isa = PBXFileReference; name = "CDVSound.h"; path = "cordova-plugin-media/CDVSound.h"; sourceTree = "<group>"; fileEncoding = 4; lastKnownFileType = sourcecode.c.h; explicitFileType = undefined; includeInIndex = 0; };
		0D7D9DBE9A574102ABA5D2A4 /* CDVCapture.m */ = {isa = PBXFileReference; name = "CDVCapture.m"; path = "cordova-plugin-media-capture/CDVCapture.m"; sourceTree = "<group>"; fileEncoding = 4; lastKnownFileType = sourcecode.c.objc; explicitFileType = undefined; includeInIndex = 0; };
		55663F299DC841E58726444A /* CDVCapture.h */ = {isa = PBXFileReference; name = "CDVCapture.h"; path = "cordova-plugin-media-capture/CDVCapture.h"; sourceTree = "<group>"; fileEncoding = 4; lastKnownFileType = sourcecode.c.h; explicitFileType = undefined; includeInIndex = 0; };
		94D19A71FB0547B6ABFD8101 /* CDVCapture.bundle */ = {isa = PBXFileReference; name = "CDVCapture.bundle"; path = "CDVCapture.bundle"; sourceTree = "<group>"; fileEncoding = undefined; lastKnownFileType = wrapper.plug-in; explicitFileType = undefined; includeInIndex = 0; };
		196AFC362C2D46E6966F05FE /* CDVConnection.m */ = {isa = PBXFileReference; name = "CDVConnection.m"; path = "cordova-plugin-network-information/CDVConnection.m"; sourceTree = "<group>"; fileEncoding = 4; lastKnownFileType = sourcecode.c.objc; explicitFileType = undefined; includeInIndex = 0; };
		B6DB3FE42A29465A90380FE8 /* CDVReachability.m */ = {isa = PBXFileReference; name = "CDVReachability.m"; path = "cordova-plugin-network-information/CDVReachability.m"; sourceTree = "<group>"; fileEncoding = 4; lastKnownFileType = sourcecode.c.objc; explicitFileType = undefined; includeInIndex = 0; };
		C0850B2CD35F4DE9AE6014E9 /* CDVConnection.h */ = {isa = PBXFileReference; name = "CDVConnection.h"; path = "cordova-plugin-network-information/CDVConnection.h"; sourceTree = "<group>"; fileEncoding = 4; lastKnownFileType = sourcecode.c.h; explicitFileType = undefined; includeInIndex = 0; };
		0DB5EC565D624E9ABF236621 /* CDVReachability.h */ = {isa = PBXFileReference; name = "CDVReachability.h"; path = "cordova-plugin-network-information/CDVReachability.h"; sourceTree = "<group>"; fileEncoding = 4; lastKnownFileType = sourcecode.c.h; explicitFileType = undefined; includeInIndex = 0; };
		717533C4FE094B0E94B4D069 /* SystemConfiguration.framework */ = {isa = PBXFileReference; name = "SystemConfiguration.framework"; path = "System/Library/Frameworks/SystemConfiguration.framework"; sourceTree = SDKROOT; fileEncoding = undefined; lastKnownFileType = wrapper.framework; explicitFileType = undefined; includeInIndex = 0; };
		641291B818BE4070870FDB1A /* CoreTelephony.framework */ = {isa = PBXFileReference; name = "CoreTelephony.framework"; path = "System/Library/Frameworks/CoreTelephony.framework"; sourceTree = SDKROOT; fileEncoding = undefined; lastKnownFileType = wrapper.framework; explicitFileType = undefined; includeInIndex = 0; };
		D09326EC4CBB48E49FF7DF03 /* CDVSplashScreen.m */ = {isa = PBXFileReference; name = "CDVSplashScreen.m"; path = "cordova-plugin-splashscreen/CDVSplashScreen.m"; sourceTree = "<group>"; fileEncoding = 4; lastKnownFileType = sourcecode.c.objc; explicitFileType = undefined; includeInIndex = 0; };
		DECE140FF4744795B8BD4F99 /* CDVViewController+SplashScreen.m */ = {isa = PBXFileReference; name = "CDVViewController+SplashScreen.m"; path = "cordova-plugin-splashscreen/CDVViewController+SplashScreen.m"; sourceTree = "<group>"; fileEncoding = 4; lastKnownFileType = sourcecode.c.objc; explicitFileType = undefined; includeInIndex = 0; };
		A8AB1D47153A4CBC90623ECE /* CDVSplashScreen.h */ = {isa = PBXFileReference; name = "CDVSplashScreen.h"; path = "cordova-plugin-splashscreen/CDVSplashScreen.h"; sourceTree = "<group>"; fileEncoding = 4; lastKnownFileType = sourcecode.c.h; explicitFileType = undefined; includeInIndex = 0; };
		551B9E9D637B466FBEF08851 /* CDVViewController+SplashScreen.h */ = {isa = PBXFileReference; name = "CDVViewController+SplashScreen.h"; path = "cordova-plugin-splashscreen/CDVViewController+SplashScreen.h"; sourceTree = "<group>"; fileEncoding = 4; lastKnownFileType = sourcecode.c.h; explicitFileType = undefined; includeInIndex = 0; };
		10B35C94E00049FA817C2CB1 /* CDVStatusBar.m */ = {isa = PBXFileReference; name = "CDVStatusBar.m"; path = "cordova-plugin-statusbar/CDVStatusBar.m"; sourceTree = "<group>"; fileEncoding = 4; lastKnownFileType = sourcecode.c.objc; explicitFileType = undefined; includeInIndex = 0; };
		B9D744BD597149E1BFBAA9DF /* CDVStatusBar.h */ = {isa = PBXFileReference; name = "CDVStatusBar.h"; path = "cordova-plugin-statusbar/CDVStatusBar.h"; sourceTree = "<group>"; fileEncoding = 4; lastKnownFileType = sourcecode.c.h; explicitFileType = undefined; includeInIndex = 0; };
		831A7D98E31B4CED84BA30BE /* CDVVibration.m */ = {isa = PBXFileReference; name = "CDVVibration.m"; path = "cordova-plugin-vibration/CDVVibration.m"; sourceTree = "<group>"; fileEncoding = 4; lastKnownFileType = sourcecode.c.objc; explicitFileType = undefined; includeInIndex = 0; };
		23A57788327F499CA4321252 /* CDVVibration.h */ = {isa = PBXFileReference; name = "CDVVibration.h"; path = "cordova-plugin-vibration/CDVVibration.h"; sourceTree = "<group>"; fileEncoding = 4; lastKnownFileType = sourcecode.c.h; explicitFileType = undefined; includeInIndex = 0; };
/* End PBXFileReference section */

/* Begin PBXFrameworksBuildPhase section */
		1D60588F0D05DD3D006BFB54 /* Frameworks */ = {
			isa = PBXFrameworksBuildPhase;
			buildActionMask = 2147483647;
			files = (
				301BF552109A68D80062928A /* libCordova.a in Frameworks */,
				A220ECB25E474114A24D94A3 /* ImageIO.framework in Frameworks */,
				8CE16F796C0747528246985E /* CoreLocation.framework in Frameworks */,
				E174F9D75B6B412D9126197D /* AVFoundation.framework in Frameworks */,
				E1019AA1ED844992A38959EB /* AddressBook.framework in Frameworks */,
				2730A963ECF24983A77FD95A /* AddressBookUI.framework in Frameworks */,
				FEE2150F3BCC4DC39B02D334 /* CoreMotion.framework in Frameworks */,
				ED2AC1A631BB42AE9976C69E /* AudioToolbox.framework in Frameworks */,
				0028111ED7384B8994009A88 /* SystemConfiguration.framework in Frameworks */,
				0E3F1DFA66874054BAE6B516 /* CoreTelephony.framework in Frameworks */,
			);
			runOnlyForDeploymentPostprocessing = 0;
		};
/* End PBXFrameworksBuildPhase section */

/* Begin PBXGroup section */
		080E96DDFE201D6D7F000001 /* Classes */ = {
			isa = PBXGroup;
			children = (
				302D95EE14D2391D003F00A1 /* MainViewController.h */,
				302D95EF14D2391D003F00A1 /* MainViewController.m */,
				302D95F014D2391D003F00A1 /* MainViewController.xib */,
				1D3623240D0F684500981E51 /* AppDelegate.h */,
				1D3623250D0F684500981E51 /* AppDelegate.m */,
			);
			name = Classes;
			path = "thaidoll/Classes";
			sourceTree = SOURCE_ROOT;
		};
		19C28FACFE9D520D11CA2CBB /* Products */ = {
			isa = PBXGroup;
			children = (
				1D6058910D05DD3D006BFB54 /* thaidoll.app */,
			);
			name = Products;
			sourceTree = "<group>";
		};
		29B97314FDCFA39411CA2CEA /* CustomTemplate */ = {
			isa = PBXGroup;
			children = (
				EB87FDF41871DAF40020F90C /* config.xml */,
				EB87FDF31871DA8E0020F90C /* www */,
				EB87FDF11871DA420020F90C /* Staging */,
				301BF52D109A57CC0062928A /* CordovaLib.xcodeproj */,
				080E96DDFE201D6D7F000001 /* Classes */,
				307C750510C5A3420062BCA9 /* Plugins */,
				29B97315FDCFA39411CA2CEA /* Other Sources */,
				29B97317FDCFA39411CA2CEA /* Resources */,
				29B97323FDCFA39411CA2CEA /* Frameworks */,
				19C28FACFE9D520D11CA2CBB /* Products */,
			);
			name = CustomTemplate;
			sourceTree = "<group>";
		};
		29B97315FDCFA39411CA2CEA /* Other Sources */ = {
			isa = PBXGroup;
			children = (
				32CA4F630368D1EE00C91783 /* thaidoll-Prefix.pch */,
				29B97316FDCFA39411CA2CEA /* main.m */,
				ED33DF2A687741AEAF9F8254 /* Bridging-Header.h */,
			);
			name = "Other Sources";
			path = "thaidoll";
			sourceTree = "<group>";
		};
		29B97317FDCFA39411CA2CEA /* Resources */ = {
			isa = PBXGroup;
			children = (
				0207DA571B56EA530066E2B4 /* Images.xcassets */,
				3047A50E1AB8057F00498E2A /* config */,
				8D1107310486CEB800E47090 /* thaidoll-Info.plist */,
				9FF2153AF20E41BC83829DC0 /* CDVNotification.bundle */,
				94D19A71FB0547B6ABFD8101 /* CDVCapture.bundle */,
			);
			name = Resources;
			path = "thaidoll/Resources";
			sourceTree = "<group>";
		};
		29B97323FDCFA39411CA2CEA /* Frameworks */ = {
			isa = PBXGroup;
			children = (
				2B041EC30FF0442D98B1E4D6 /* ImageIO.framework */,
				ED73095AF29F415FA19FE248 /* CoreLocation.framework */,
				EFC49A5030E449EEA60C0D0C /* AVFoundation.framework */,
				C20392D73901443DA9B631FF /* AddressBook.framework */,
				696C985E08A044DCB0AF7A62 /* AddressBookUI.framework */,
				CF32034B07A440A38D6FCA35 /* CoreMotion.framework */,
				2CE35A4E07A041DDB6621714 /* AudioToolbox.framework */,
				717533C4FE094B0E94B4D069 /* SystemConfiguration.framework */,
				641291B818BE4070870FDB1A /* CoreTelephony.framework */,
			);
			name = Frameworks;
			sourceTree = "<group>";
		};
		301BF52E109A57CC0062928A /* Products */ = {
			isa = PBXGroup;
			children = (
				301BF535109A57CC0062928A /* libCordova.a */,
			);
			name = Products;
			sourceTree = "<group>";
		};
		3047A50E1AB8057F00498E2A /* config */ = {
			isa = PBXGroup;
			children = (
				3047A50F1AB8059700498E2A /* build-debug.xcconfig */,
				3047A5101AB8059700498E2A /* build-release.xcconfig */,
				3047A5111AB8059700498E2A /* build.xcconfig */,
			);
			name = config;
			sourceTree = "<group>";
		};
		307C750510C5A3420062BCA9 /* Plugins */ = {
			isa = PBXGroup;
			children = (
				B75E7AAF4DC54AD6A5F3BCD1 /* CDVBattery.m */,
				6F63B10D4175451EB410735C /* CDVBattery.h */,
				AA27E920512B4EFB8C6FF0EB /* UIImage+CropScaleOrientation.m */,
				B9DB78FF9D3B4DD991304C6F /* CDVCamera.m */,
				7623B944B3FA4254A63894E6 /* CDVJpegHeaderWriter.m */,
				E9CB3497ACC141C6BDA2E8CA /* UIImage+CropScaleOrientation.h */,
				81B8833635224742A53D93D0 /* CDVCamera.h */,
				E230C1D68FE746E2843DA3F0 /* CDVJpegHeaderWriter.h */,
				1802DA104F6A42E0A9EE1218 /* CDVExif.h */,
				B57198AE76D647A0BDB62A7A /* CDVLogger.m */,
				9EB4348351B74FCA9EAF2680 /* CDVLogger.h */,
				F3E64D59F8CC42649E1B2C66 /* CDVContacts.m */,
				A866B537E5584B36881D8078 /* CDVContact.m */,
				091CFA79FD6144D1853D5620 /* CDVContacts.h */,
				703494FAE573488EB415ADB8 /* CDVContact.h */,
				B616A68F05A24E1599C1F8C9 /* CDVDevice.m */,
				216DBA0FB5834A59880DD3C0 /* CDVDevice.h */,
				A0FBFC2C987B44938F9422CB /* CDVAccelerometer.m */,
				5EE098D7AD4B4C03A209375C /* CDVAccelerometer.h */,
				67E03C3CBEB94BDE84F71C04 /* CDVCompass.m */,
				B688911A6B184170AFDC2F6A /* CDVCompass.h */,
				11073206975248ACB2F693CB /* CDVNotification.m */,
				2396DDC010124659A3E9D970 /* CDVNotification.h */,
				B63ECB6D3AEF43ECB6A0B899 /* CDVFile.m */,
				F2D34A625C0945768B920051 /* CDVLocalFilesystem.m */,
				8C3D1E290FA8498FB2A9F89A /* CDVAssetLibraryFilesystem.m */,
				03CDC3BAC42D44869ED06C76 /* CDVFile.h */,
				5D6C2475AB53456F909E115B /* CDVLocalFilesystem.h */,
				DFB6EA5F172D4E3D9BD77DA8 /* CDVAssetLibraryFilesystem.h */,
				71D630DEAE3B4746A351BF82 /* CDVFileTransfer.m */,
				FBA89EB78D754275B9EB5CA2 /* CDVFileTransfer.h */,
				57205395B2A445E98AEE1146 /* CDVLocation.m */,
				85DA619B0DB046DDA6736BFC /* CDVLocation.h */,
				046F9ECD24714CF08276DEAA /* CDVGlobalization.m */,
				9D0B4D65FD3C4065A25DE6D8 /* CDVGlobalization.h */,
				E4671E0647D74823AA84646E /* CDVInAppBrowser.m */,
				D41F97AC82DE4AAE981B4B38 /* CDVInAppBrowser.h */,
				1D3ED39ECC554ACC93C60BF5 /* CDVSound.m */,
				22C99EFE47E14400A325B9BD /* CDVSound.h */,
				0D7D9DBE9A574102ABA5D2A4 /* CDVCapture.m */,
				55663F299DC841E58726444A /* CDVCapture.h */,
				196AFC362C2D46E6966F05FE /* CDVConnection.m */,
				B6DB3FE42A29465A90380FE8 /* CDVReachability.m */,
				C0850B2CD35F4DE9AE6014E9 /* CDVConnection.h */,
				0DB5EC565D624E9ABF236621 /* CDVReachability.h */,
				D09326EC4CBB48E49FF7DF03 /* CDVSplashScreen.m */,
				DECE140FF4744795B8BD4F99 /* CDVViewController+SplashScreen.m */,
				A8AB1D47153A4CBC90623ECE /* CDVSplashScreen.h */,
				551B9E9D637B466FBEF08851 /* CDVViewController+SplashScreen.h */,
				10B35C94E00049FA817C2CB1 /* CDVStatusBar.m */,
				B9D744BD597149E1BFBAA9DF /* CDVStatusBar.h */,
				831A7D98E31B4CED84BA30BE /* CDVVibration.m */,
				23A57788327F499CA4321252 /* CDVVibration.h */,
			);
			name = Plugins;
			path = "thaidoll/Plugins";
			sourceTree = SOURCE_ROOT;
		};
		EB87FDF11871DA420020F90C /* Staging */ = {
			isa = PBXGroup;
			children = (
				F840E1F0165FE0F500CFE078 /* config.xml */,
				301BF56E109A69640062928A /* www */,
			);
			name = Staging;
			sourceTree = "<group>";
		};
/* End PBXGroup section */

/* Begin PBXNativeTarget section */
		1D6058900D05DD3D006BFB54 /* thaidoll */ = {
			isa = PBXNativeTarget;
			buildConfigurationList = 1D6058960D05DD3E006BFB54 /* Build configuration list for PBXNativeTarget "thaidoll" */;
			buildPhases = (
				304B58A110DAC018002A0835 /* Copy www directory */,
				1D60588D0D05DD3D006BFB54 /* Resources */,
				1D60588E0D05DD3D006BFB54 /* Sources */,
				1D60588F0D05DD3D006BFB54 /* Frameworks */,
			);
			buildRules = (
			);
			dependencies = (
				301BF551109A68C00062928A /* PBXTargetDependency */,
			);
			name = "thaidoll";
			productName = "thaidoll";
			productReference = 1D6058910D05DD3D006BFB54 /* thaidoll.app */;
			productType = "com.apple.product-type.application";
		};
/* End PBXNativeTarget section */

/* Begin PBXProject section */
		29B97313FDCFA39411CA2CEA /* Project object */ = {
			isa = PBXProject;
			attributes = {
				LastUpgradeCheck = 510;
			};
			buildConfigurationList = C01FCF4E08A954540054247B /* Build configuration list for PBXProject "__NON-CLI__" */;
			compatibilityVersion = "Xcode 3.2";
			developmentRegion = English;
			hasScannedForEncodings = 1;
			mainGroup = 29B97314FDCFA39411CA2CEA /* CustomTemplate */;
			projectDirPath = "";
			projectReferences = (
				{
					ProductGroup = 301BF52E109A57CC0062928A /* Products */;
					ProjectRef = 301BF52D109A57CC0062928A /* CordovaLib.xcodeproj */;
				},
			);
			projectRoot = "";
			targets = (
				1D6058900D05DD3D006BFB54 /* thaidoll */,
			);
		};
/* End PBXProject section */

/* Begin PBXReferenceProxy section */
		301BF535109A57CC0062928A /* libCordova.a */ = {
			isa = PBXReferenceProxy;
			fileType = archive.ar;
			path = libCordova.a;
			remoteRef = 301BF534109A57CC0062928A /* PBXContainerItemProxy */;
			sourceTree = BUILT_PRODUCTS_DIR;
		};
/* End PBXReferenceProxy section */

/* Begin PBXResourcesBuildPhase section */
		1D60588D0D05DD3D006BFB54 /* Resources */ = {
			isa = PBXResourcesBuildPhase;
			buildActionMask = 2147483647;
			files = (
				302D95F214D2391D003F00A1 /* MainViewController.xib in Resources */,
				3047A5131AB8059700498E2A /* build-release.xcconfig in Resources */,
				3047A5141AB8059700498E2A /* build.xcconfig in Resources */,
				0207DA581B56EA530066E2B4 /* Images.xcassets in Resources */,
				3047A5121AB8059700498E2A /* build-debug.xcconfig in Resources */,
				3E1BDB8089204BC4B8DAA49E /* CDVNotification.bundle in Resources */,
				7D189604FC474E61BC0F2A3B /* CDVCapture.bundle in Resources */,
			);
			runOnlyForDeploymentPostprocessing = 0;
		};
/* End PBXResourcesBuildPhase section */

/* Begin PBXShellScriptBuildPhase section */
		304B58A110DAC018002A0835 /* Copy www directory */ = {
			isa = PBXShellScriptBuildPhase;
			buildActionMask = 2147483647;
			files = (
			);
			inputPaths = (
			);
			name = "Copy www directory";
			outputPaths = (
			);
			runOnlyForDeploymentPostprocessing = 0;
			shellPath = /bin/sh;
			shellScript = "NODEJS_PATH=/usr/local/bin; NVM_NODE_PATH=~/.nvm/versions/node/`nvm version 2>/dev/null`/bin; N_NODE_PATH=`find /usr/local/n/versions/node/* -maxdepth 0 -type d 2>/dev/null | tail -1`/bin; XCODE_NODE_PATH=`xcode-select --print-path`/usr/share/xcs/Node/bin; PATH=$NODEJS_PATH:$NVM_NODE_PATH:$N_NODE_PATH:$XCODE_NODE_PATH:$PATH && node cordova/lib/copy-www-build-step.js";
			showEnvVarsInLog = 0;
		};
/* End PBXShellScriptBuildPhase section */

/* Begin PBXSourcesBuildPhase section */
		1D60588E0D05DD3D006BFB54 /* Sources */ = {
			isa = PBXSourcesBuildPhase;
			buildActionMask = 2147483647;
			files = (
				1D60589B0D05DD56006BFB54 /* main.m in Sources */,
				1D3623260D0F684500981E51 /* AppDelegate.m in Sources */,
				302D95F114D2391D003F00A1 /* MainViewController.m in Sources */,
				F245CCAC939F4859A6C5C8F3 /* CDVBattery.m in Sources */,
				CE2C396E31A04B539DB7607D /* UIImage+CropScaleOrientation.m in Sources */,
				F89D747542CD4C96AAB06637 /* CDVCamera.m in Sources */,
				E6D0B778DDDE436590983B21 /* CDVJpegHeaderWriter.m in Sources */,
				DE2D3F89D7F94352A6317DC8 /* CDVLogger.m in Sources */,
				4EB377341AB646F2B41F29CE /* CDVContacts.m in Sources */,
				FD70EBAFC8A0443D936AE68A /* CDVContact.m in Sources */,
				213EED360EE84E60A3663EC4 /* CDVDevice.m in Sources */,
				170E4EBAA3814A4C86EE728F /* CDVAccelerometer.m in Sources */,
				6EFB7CC4ACB74DBAA328CAEE /* CDVCompass.m in Sources */,
				CF00F8C042FB4CB1B2F63339 /* CDVNotification.m in Sources */,
				A32B6EF3A166423684781C13 /* CDVFile.m in Sources */,
				45CAAB5B89854ECF8E7F0091 /* CDVLocalFilesystem.m in Sources */,
				047E93A953A94D8D94327F13 /* CDVAssetLibraryFilesystem.m in Sources */,
				1918341B9DED46A9912E9C25 /* CDVFileTransfer.m in Sources */,
				FDF9C79DF7FF481DB393FC25 /* CDVLocation.m in Sources */,
				B93BBB93659E460DAD20A043 /* CDVGlobalization.m in Sources */,
				C04F55DDFDFB4DFF85A012BD /* CDVInAppBrowser.m in Sources */,
				3350AB6A46BC44B985DE6743 /* CDVSound.m in Sources */,
				E1CD9BF11D3449FDACBC93A7 /* CDVCapture.m in Sources */,
				4FADD504ECC140E9A54B63AD /* CDVConnection.m in Sources */,
				20A215162F2D4B61BD6A565D /* CDVReachability.m in Sources */,
				5E8E01DFEBCF452DAA5A5409 /* CDVSplashScreen.m in Sources */,
				C56B2D38AEFD4305A82C795A /* CDVViewController+SplashScreen.m in Sources */,
				34A79DAC849846C08B383E33 /* CDVStatusBar.m in Sources */,
				011F0A6E918C4B029350F5C2 /* CDVVibration.m in Sources */,
			);
			runOnlyForDeploymentPostprocessing = 0;
		};
/* End PBXSourcesBuildPhase section */

/* Begin PBXTargetDependency section */
		301BF551109A68C00062928A /* PBXTargetDependency */ = {
			isa = PBXTargetDependency;
			name = CordovaLib;
			targetProxy = 301BF550109A68C00062928A /* PBXContainerItemProxy */;
		};
/* End PBXTargetDependency section */

/* Begin XCBuildConfiguration section */
		1D6058940D05DD3E006BFB54 /* Debug */ = {
			isa = XCBuildConfiguration;
			baseConfigurationReference = 3047A50F1AB8059700498E2A /* build-debug.xcconfig */;
			buildSettings = {
				ALWAYS_SEARCH_USER_PATHS = NO;
				ASSETCATALOG_COMPILER_APPICON_NAME = AppIcon;
				ASSETCATALOG_COMPILER_LAUNCHIMAGE_NAME = LaunchImage;
				CLANG_ENABLE_MODULES = YES;
				CLANG_ENABLE_OBJC_ARC = YES;
				COPY_PHASE_STRIP = NO;
				GCC_DYNAMIC_NO_PIC = NO;
				GCC_OPTIMIZATION_LEVEL = 0;
				GCC_PRECOMPILE_PREFIX_HEADER = YES;
				GCC_PREFIX_HEADER = "thaidoll/thaidoll-Prefix.pch";
				GCC_THUMB_SUPPORT = NO;
				GCC_VERSION = "";
				INFOPLIST_FILE = "thaidoll/thaidoll-Info.plist";
				LD_RUNPATH_SEARCH_PATHS = "@executable_path/Frameworks";
				PRODUCT_NAME = "thaidoll";
			};
			name = Debug;
		};
		1D6058950D05DD3E006BFB54 /* Release */ = {
			isa = XCBuildConfiguration;
			baseConfigurationReference = 3047A5101AB8059700498E2A /* build-release.xcconfig */;
			buildSettings = {
				ALWAYS_SEARCH_USER_PATHS = NO;
				ASSETCATALOG_COMPILER_APPICON_NAME = AppIcon;
				ASSETCATALOG_COMPILER_LAUNCHIMAGE_NAME = LaunchImage;
				CLANG_ENABLE_MODULES = YES;
				CLANG_ENABLE_OBJC_ARC = YES;
				COPY_PHASE_STRIP = YES;
				GCC_PRECOMPILE_PREFIX_HEADER = YES;
				GCC_PREFIX_HEADER = "thaidoll/thaidoll-Prefix.pch";
				GCC_THUMB_SUPPORT = NO;
				GCC_VERSION = "";
				INFOPLIST_FILE = "thaidoll/thaidoll-Info.plist";
				PRODUCT_NAME = "thaidoll";
			};
			name = Release;
		};
		C01FCF4F08A954540054247B /* Debug */ = {
			isa = XCBuildConfiguration;
			baseConfigurationReference = 3047A5111AB8059700498E2A /* build.xcconfig */;
			buildSettings = {
				CLANG_ENABLE_MODULES = YES;
				CLANG_ENABLE_OBJC_ARC = YES;
				CLANG_WARN_BOOL_CONVERSION = YES;
				CLANG_WARN_CONSTANT_CONVERSION = YES;
				CLANG_WARN_EMPTY_BODY = YES;
				CLANG_WARN_ENUM_CONVERSION = YES;
				CLANG_WARN_INT_CONVERSION = YES;
				CLANG_WARN__DUPLICATE_METHOD_MATCH = YES;
				GCC_C_LANGUAGE_STANDARD = c99;
				GCC_THUMB_SUPPORT = NO;
				GCC_VERSION = "";
				GCC_WARN_ABOUT_RETURN_TYPE = YES;
				GCC_WARN_UNDECLARED_SELECTOR = YES;
				GCC_WARN_UNINITIALIZED_AUTOS = YES;
				GCC_WARN_UNUSED_FUNCTION = YES;
				GCC_WARN_UNUSED_VARIABLE = YES;
				ONLY_ACTIVE_ARCH = YES;
				SDKROOT = iphoneos;
				SKIP_INSTALL = NO;
			};
			name = Debug;
		};
		C01FCF5008A954540054247B /* Release */ = {
			isa = XCBuildConfiguration;
			baseConfigurationReference = 3047A5111AB8059700498E2A /* build.xcconfig */;
			buildSettings = {
				CLANG_ENABLE_MODULES = YES;
				CLANG_ENABLE_OBJC_ARC = YES;
				CLANG_WARN_BOOL_CONVERSION = YES;
				CLANG_WARN_CONSTANT_CONVERSION = YES;
				CLANG_WARN_EMPTY_BODY = YES;
				CLANG_WARN_ENUM_CONVERSION = YES;
				CLANG_WARN_INT_CONVERSION = YES;
				CLANG_WARN__DUPLICATE_METHOD_MATCH = YES;
				GCC_C_LANGUAGE_STANDARD = c99;
				GCC_THUMB_SUPPORT = NO;
				GCC_VERSION = "";
				GCC_WARN_ABOUT_RETURN_TYPE = YES;
				GCC_WARN_UNDECLARED_SELECTOR = YES;
				GCC_WARN_UNINITIALIZED_AUTOS = YES;
				GCC_WARN_UNUSED_FUNCTION = YES;
				GCC_WARN_UNUSED_VARIABLE = YES;
				SDKROOT = iphoneos;
				SKIP_INSTALL = NO;
			};
			name = Release;
		};
/* End XCBuildConfiguration section */

/* Begin XCConfigurationList section */
		1D6058960D05DD3E006BFB54 /* Build configuration list for PBXNativeTarget "thaidoll" */ = {
			isa = XCConfigurationList;
			buildConfigurations = (
				1D6058940D05DD3E006BFB54 /* Debug */,
				1D6058950D05DD3E006BFB54 /* Release */,
			);
			defaultConfigurationIsVisible = 0;
			defaultConfigurationName = Release;
		};
		C01FCF4E08A954540054247B /* Build configuration list for PBXProject "__NON-CLI__" */ = {
			isa = XCConfigurationList;
			buildConfigurations = (
				C01FCF4F08A954540054247B /* Debug */,
				C01FCF5008A954540054247B /* Release */,
			);
			defaultConfigurationIsVisible = 0;
			defaultConfigurationName = Release;
		};
/* End XCConfigurationList section */
	};
	rootObject = 29B97313FDCFA39411CA2CEA /* Project object */;
}
